
Microsoft Visual Studio Solution File, Format Version 12.00
# Visual Studio Version 17
VisualStudioVersion = 17.13.35825.156 d17.13
MinimumVisualStudioVersion = 10.0.40219.1
Project("{FAE04EC0-301F-11D3-BF4B-00C04F79EFBC}") = "PatronComposite", "PatronComposite.csproj", "{F5FF1A12-CDE2-4589-B96B-AF9EB56E472B}"
EndProject
Global
	GlobalSection(SolutionConfigurationPlatforms) = preSolution
		Debug|Any CPU = Debug|Any CPU
		Release|Any CPU = Release|Any CPU
	EndGlobalSection
	GlobalSection(ProjectConfigurationPlatforms) = postSolution
		{F5FF1A12-CDE2-4589-B96B-AF9EB56E472B}.Debug|Any CPU.ActiveCfg = Debug|Any CPU
		{F5FF1A12-CDE2-4589-B96B-AF9EB56E472B}.Debug|Any CPU.Build.0 = Debug|Any CPU
		{F5FF1A12-CDE2-4589-B96B-AF9EB56E472B}.Release|Any CPU.ActiveCfg = Release|Any CPU
		{F5FF1A12-CDE2-4589-B96B-AF9EB56E472B}.Release|Any CPU.Build.0 = Release|Any CPU
	EndGlobalSection
	GlobalSection(SolutionProperties) = preSolution
		HideSolutionNode = FALSE
	EndGlobalSection
	GlobalSection(ExtensibilityGlobals) = postSolution
		SolutionGuid = {F6FFAD14-2F39-420F-A572-32B6A1BFDAD8}
	EndGlobalSection
EndGlobal
